
Microsoft Visual Studio Solution File, Format Version 12.00
# Visual Studio Version 17
VisualStudioVersion = 17.5.002.0
MinimumVisualStudioVersion = 10.0.40219.1
Project("{9A19103F-16F7-4668-BE54-9A1E7A4F7556}") = "aspnet-01-easy-portfolio", "aspnet-01-easy-portfolio.csproj", "{27C56373-3A41-42FA-939B-450EF9A7E0BB}"
EndProject
Global
	GlobalSection(SolutionConfigurationPlatforms) = preSolution
		Debug|Any CPU = Debug|Any CPU
		Release|Any CPU = Release|Any CPU
	EndGlobalSection
	GlobalSection(ProjectConfigurationPlatforms) = postSolution
		{27C56373-3A41-42FA-939B-450EF9A7E0BB}.Debug|Any CPU.ActiveCfg = Debug|Any CPU
		{27C56373-3A41-42FA-939B-450EF9A7E0BB}.Debug|Any CPU.Build.0 = Debug|Any CPU
		{27C56373-3A41-42FA-939B-450EF9A7E0BB}.Release|Any CPU.ActiveCfg = Release|Any CPU
		{27C56373-3A41-42FA-939B-450EF9A7E0BB}.Release|Any CPU.Build.0 = Release|Any CPU
	EndGlobalSection
	GlobalSection(SolutionProperties) = preSolution
		HideSolutionNode = FALSE
	EndGlobalSection
	GlobalSection(ExtensibilityGlobals) = postSolution
		SolutionGuid = {06725C27-5FC6-454A-BF33-514AD2E352B8}
	EndGlobalSection
EndGlobal
